
Microsoft Visual Studio Solution File, Format Version 12.00
# Visual Studio Version 17
VisualStudioVersion = 17.1.32210.238
MinimumVisualStudioVersion = 10.0.40219.1
Project("{FAE04EC0-301F-11D3-BF4B-00C04F79EFBC}") = "WpfApp1", "WpfApp1\WpfApp1.csproj", "{67A18089-E342-4148-B5B3-966B311B2975}"
EndProject
Global
	GlobalSection(SolutionConfigurationPlatforms) = preSolution
		Debug|Any CPU = Debug|Any CPU
		Release|Any CPU = Release|Any CPU
	EndGlobalSection
	GlobalSection(ProjectConfigurationPlatforms) = postSolution
		{67A18089-E342-4148-B5B3-966B311B2975}.Debug|Any CPU.ActiveCfg = Debug|Any CPU
		{67A18089-E342-4148-B5B3-966B311B2975}.Debug|Any CPU.Build.0 = Debug|Any CPU
		{67A18089-E342-4148-B5B3-966B311B2975}.Release|Any CPU.ActiveCfg = Release|Any CPU
		{67A18089-E342-4148-B5B3-966B311B2975}.Release|Any CPU.Build.0 = Release|Any CPU
	EndGlobalSection
	GlobalSection(SolutionProperties) = preSolution
		HideSolutionNode = FALSE
	EndGlobalSection
	GlobalSection(ExtensibilityGlobals) = postSolution
		SolutionGuid = {7E55D0F5-60BF-4DA7-8943-EE2F1DC538EC}
	EndGlobalSection
EndGlobal
